
Microsoft Visual Studio Solution File, Format Version 12.00
# Visual Studio Version 17
VisualStudioVersion = 17.10.35122.118
MinimumVisualStudioVersion = 10.0.40219.1
Project("{9A19103F-16F7-4668-BE54-9A1E7A4F7556}") = "Hermes.Api.Web", "src\Hermes.Api.Web\Hermes.Api.Web.csproj", "{4F581086-C6A4-4306-A5D5-00AE79705922}"
EndProject
Project("{9A19103F-16F7-4668-BE54-9A1E7A4F7556}") = "Hermes.Domain", "src\Hermes.Domain\Hermes.Domain.csproj", "{925DEE66-7821-4355-A390-DECB832E55D2}"
EndProject
Project("{9A19103F-16F7-4668-BE54-9A1E7A4F7556}") = "Hermes.Shared", "src\Hermes.Shared\Hermes.Shared.csproj", "{9EA81DFB-F5E3-49E6-9925-F4510B0A6C9A}"
EndProject
Project("{9A19103F-16F7-4668-BE54-9A1E7A4F7556}") = "Hermes.Infrastructure", "src\Hermes.Infrastructure\Hermes.Infrastructure.csproj", "{1C432A9C-267F-4359-8CF7-F671DE65727D}"
EndProject
Project("{2150E333-8FDC-42A3-9474-1A3956D46DE8}") = "Modules", "Modules", "{1E329695-8A85-4672-A903-327B96EEACE1}"
EndProject
Project("{9A19103F-16F7-4668-BE54-9A1E7A4F7556}") = "Hermes.Modules.Users", "src\Modules\Hermes.Modules.Administration\Hermes.Modules.Users.csproj", "{434CF08A-E0C8-4A82-9C8F-B0443000AF80}"
EndProject
Project("{9A19103F-16F7-4668-BE54-9A1E7A4F7556}") = "Hermes.Modules.Shared", "Hermes.Modules.Shared\Hermes.Modules.Shared.csproj", "{40684C31-3C48-4ECA-9BEA-45DCB7FBA689}"
EndProject
Project("{FAE04EC0-301F-11D3-BF4B-00C04F79EFBC}") = "Hermes.Modules.Books", "src\Modules\Hermes.Modules.Books\Hermes.Modules.Books.csproj", "{486E93BB-CFEA-47D1-82DE-9672E16ABBC3}"
EndProject
Global
	GlobalSection(SolutionConfigurationPlatforms) = preSolution
		Debug|Any CPU = Debug|Any CPU
		Release|Any CPU = Release|Any CPU
	EndGlobalSection
	GlobalSection(ProjectConfigurationPlatforms) = postSolution
		{4F581086-C6A4-4306-A5D5-00AE79705922}.Debug|Any CPU.ActiveCfg = Debug|Any CPU
		{4F581086-C6A4-4306-A5D5-00AE79705922}.Debug|Any CPU.Build.0 = Debug|Any CPU
		{4F581086-C6A4-4306-A5D5-00AE79705922}.Release|Any CPU.ActiveCfg = Release|Any CPU
		{4F581086-C6A4-4306-A5D5-00AE79705922}.Release|Any CPU.Build.0 = Release|Any CPU
		{925DEE66-7821-4355-A390-DECB832E55D2}.Debug|Any CPU.ActiveCfg = Debug|Any CPU
		{925DEE66-7821-4355-A390-DECB832E55D2}.Debug|Any CPU.Build.0 = Debug|Any CPU
		{925DEE66-7821-4355-A390-DECB832E55D2}.Release|Any CPU.ActiveCfg = Release|Any CPU
		{925DEE66-7821-4355-A390-DECB832E55D2}.Release|Any CPU.Build.0 = Release|Any CPU
		{9EA81DFB-F5E3-49E6-9925-F4510B0A6C9A}.Debug|Any CPU.ActiveCfg = Debug|Any CPU
		{9EA81DFB-F5E3-49E6-9925-F4510B0A6C9A}.Debug|Any CPU.Build.0 = Debug|Any CPU
		{9EA81DFB-F5E3-49E6-9925-F4510B0A6C9A}.Release|Any CPU.ActiveCfg = Release|Any CPU
		{9EA81DFB-F5E3-49E6-9925-F4510B0A6C9A}.Release|Any CPU.Build.0 = Release|Any CPU
		{1C432A9C-267F-4359-8CF7-F671DE65727D}.Debug|Any CPU.ActiveCfg = Debug|Any CPU
		{1C432A9C-267F-4359-8CF7-F671DE65727D}.Debug|Any CPU.Build.0 = Debug|Any CPU
		{1C432A9C-267F-4359-8CF7-F671DE65727D}.Release|Any CPU.ActiveCfg = Release|Any CPU
		{1C432A9C-267F-4359-8CF7-F671DE65727D}.Release|Any CPU.Build.0 = Release|Any CPU
		{434CF08A-E0C8-4A82-9C8F-B0443000AF80}.Debug|Any CPU.ActiveCfg = Debug|Any CPU
		{434CF08A-E0C8-4A82-9C8F-B0443000AF80}.Debug|Any CPU.Build.0 = Debug|Any CPU
		{434CF08A-E0C8-4A82-9C8F-B0443000AF80}.Release|Any CPU.ActiveCfg = Release|Any CPU
		{434CF08A-E0C8-4A82-9C8F-B0443000AF80}.Release|Any CPU.Build.0 = Release|Any CPU
		{40684C31-3C48-4ECA-9BEA-45DCB7FBA689}.Debug|Any CPU.ActiveCfg = Debug|Any CPU
		{40684C31-3C48-4ECA-9BEA-45DCB7FBA689}.Debug|Any CPU.Build.0 = Debug|Any CPU
		{40684C31-3C48-4ECA-9BEA-45DCB7FBA689}.Release|Any CPU.ActiveCfg = Release|Any CPU
		{40684C31-3C48-4ECA-9BEA-45DCB7FBA689}.Release|Any CPU.Build.0 = Release|Any CPU
		{486E93BB-CFEA-47D1-82DE-9672E16ABBC3}.Debug|Any CPU.ActiveCfg = Debug|Any CPU
		{486E93BB-CFEA-47D1-82DE-9672E16ABBC3}.Debug|Any CPU.Build.0 = Debug|Any CPU
		{486E93BB-CFEA-47D1-82DE-9672E16ABBC3}.Release|Any CPU.ActiveCfg = Release|Any CPU
		{486E93BB-CFEA-47D1-82DE-9672E16ABBC3}.Release|Any CPU.Build.0 = Release|Any CPU
	EndGlobalSection
	GlobalSection(SolutionProperties) = preSolution
		HideSolutionNode = FALSE
	EndGlobalSection
	GlobalSection(NestedProjects) = preSolution
		{434CF08A-E0C8-4A82-9C8F-B0443000AF80} = {1E329695-8A85-4672-A903-327B96EEACE1}
		{40684C31-3C48-4ECA-9BEA-45DCB7FBA689} = {1E329695-8A85-4672-A903-327B96EEACE1}
		{486E93BB-CFEA-47D1-82DE-9672E16ABBC3} = {1E329695-8A85-4672-A903-327B96EEACE1}
	EndGlobalSection
	GlobalSection(ExtensibilityGlobals) = postSolution
		SolutionGuid = {3C9070DB-B614-4475-83A9-5C8A9A835FC5}
	EndGlobalSection
EndGlobal
